
Microsoft Visual Studio Solution File, Format Version 12.00
# Visual Studio Version 17
VisualStudioVersion = 17.10.34928.147
MinimumVisualStudioVersion = 10.0.40219.1
Project("{FAE04EC0-301F-11D3-BF4B-00C04F79EFBC}") = "Wpf_MvvmFramework", "Wpf_MvvmFramework\Wpf_MvvmFramework.csproj", "{AA300AB9-BEAF-4C86-AFEB-25C8BFE8750D}"
EndProject
Global
	GlobalSection(SolutionConfigurationPlatforms) = preSolution
		Debug|Any CPU = Debug|Any CPU
		Release|Any CPU = Release|Any CPU
	EndGlobalSection
	GlobalSection(ProjectConfigurationPlatforms) = postSolution
		{AA300AB9-BEAF-4C86-AFEB-25C8BFE8750D}.Debug|Any CPU.ActiveCfg = Debug|Any CPU
		{AA300AB9-BEAF-4C86-AFEB-25C8BFE8750D}.Debug|Any CPU.Build.0 = Debug|Any CPU
		{AA300AB9-BEAF-4C86-AFEB-25C8BFE8750D}.Release|Any CPU.ActiveCfg = Release|Any CPU
		{AA300AB9-BEAF-4C86-AFEB-25C8BFE8750D}.Release|Any CPU.Build.0 = Release|Any CPU
	EndGlobalSection
	GlobalSection(SolutionProperties) = preSolution
		HideSolutionNode = FALSE
	EndGlobalSection
	GlobalSection(ExtensibilityGlobals) = postSolution
		SolutionGuid = {EA6F1AD7-DE59-4ED3-9EA5-2F6CE55BCC32}
	EndGlobalSection
EndGlobal
